
Microsoft Visual Studio Solution File, Format Version 12.00
# Visual Studio Version 17
VisualStudioVersion = 17.4.33205.214
MinimumVisualStudioVersion = 10.0.40219.1
Project("{9A19103F-16F7-4668-BE54-9A1E7A4F7556}") = "RedditTokenReceiver", "RedditTokenReceiver.csproj", "{70C223AC-1BE1-408B-8FCA-6CD4B609B812}"
EndProject
Global
	GlobalSection(SolutionConfigurationPlatforms) = preSolution
		Debug|Any CPU = Debug|Any CPU
		Release|Any CPU = Release|Any CPU
	EndGlobalSection
	GlobalSection(ProjectConfigurationPlatforms) = postSolution
		{70C223AC-1BE1-408B-8FCA-6CD4B609B812}.Debug|Any CPU.ActiveCfg = Debug|Any CPU
		{70C223AC-1BE1-408B-8FCA-6CD4B609B812}.Debug|Any CPU.Build.0 = Debug|Any CPU
		{70C223AC-1BE1-408B-8FCA-6CD4B609B812}.Release|Any CPU.ActiveCfg = Release|Any CPU
		{70C223AC-1BE1-408B-8FCA-6CD4B609B812}.Release|Any CPU.Build.0 = Release|Any CPU
	EndGlobalSection
	GlobalSection(SolutionProperties) = preSolution
		HideSolutionNode = FALSE
	EndGlobalSection
	GlobalSection(ExtensibilityGlobals) = postSolution
		SolutionGuid = {BC762815-AC6C-46E2-8A3A-5434314CE13C}
	EndGlobalSection
EndGlobal
